{
  "name": "@codecrafters/build-your-own-shell",
  "lockfileVersion": 3,
  "requires": true,
  "packages": {
    "": {
      "name": "@codecrafters/build-your-own-shell",
      "dependencies": {
        "shell-quote": "^1.8.2"
      },
      "devDependencies": {
        "@types/node": "^20.14.2",
        "@types/shell-quote": "^1.7.5"
      }
    },
    "node_modules/@types/node": {
      "version": "20.17.11",
      "resolved": "https://registry.npmjs.org/@types/node/-/node-20.17.11.tgz",
      "integrity": "sha512-Ept5glCK35R8yeyIeYlRIZtX6SLRyqMhOFTgj5SOkMpLTdw3SEHI9fHx60xaUZ+V1aJxQJODE+7/j5ocZydYTg==",
      "dev": true,
      "license": "MIT",
      "dependencies": {
        "undici-types": "~6.19.2"
      }
    },
    "node_modules/@types/shell-quote": {
      "version": "1.7.5",
      "resolved": "https://registry.npmjs.org/@types/shell-quote/-/shell-quote-1.7.5.tgz",
      "integrity": "sha512-+UE8GAGRPbJVQDdxi16dgadcBfQ+KG2vgZhV1+3A1XmHbmwcdwhCUwIdy+d3pAGrbvgRoVSjeI9vOWyq376Yzw==",
      "dev": true,
      "license": "MIT"
    },
    "node_modules/shell-quote": {
      "version": "1.8.2",
      "resolved": "https://registry.npmjs.org/shell-quote/-/shell-quote-1.8.2.tgz",
      "integrity": "sha512-AzqKpGKjrj7EM6rKVQEPpB288oCfnrEIuyoT9cyF4nmGa7V8Zk6f7RRqYisX8X9m+Q7bd632aZW4ky7EhbQztA==",
      "license": "MIT",
      "engines": {
        "node": ">= 0.4"
      },
      "funding": {
        "url": "https://github.com/sponsors/ljharb"
      }
    },
    "node_modules/undici-types": {
      "version": "6.19.8",
      "resolved": "https://registry.npmjs.org/undici-types/-/undici-types-6.19.8.tgz",
      "integrity": "sha512-ve2KP6f/JnbPBFyobGHuerC9g1FYGn/F8n1LWTwNxCEzd6IfqTwUQcNXgEtmmQ6DlRrC1hrSrBnCZPokRrDHjw==",
      "dev": true,
      "license": "MIT"
    }
  }
}
